
Microsoft Visual Studio Solution File, Format Version 12.00
# Visual Studio Version 17
VisualStudioVersion = 17.1.32319.34
MinimumVisualStudioVersion = 10.0.40219.1
Project("{FAE04EC0-301F-11D3-BF4B-00C04F79EFBC}") = "Text Editor", "Text Editor\Text Editor.csproj", "{FEDBA85A-4EB1-4EEC-8CB2-B8ED53314C79}"
EndProject
Global
	GlobalSection(SolutionConfigurationPlatforms) = preSolution
		Debug|Any CPU = Debug|Any CPU
		Release|Any CPU = Release|Any CPU
	EndGlobalSection
	GlobalSection(ProjectConfigurationPlatforms) = postSolution
		{FEDBA85A-4EB1-4EEC-8CB2-B8ED53314C79}.Debug|Any CPU.ActiveCfg = Debug|Any CPU
		{FEDBA85A-4EB1-4EEC-8CB2-B8ED53314C79}.Debug|Any CPU.Build.0 = Debug|Any CPU
		{FEDBA85A-4EB1-4EEC-8CB2-B8ED53314C79}.Release|Any CPU.ActiveCfg = Release|Any CPU
		{FEDBA85A-4EB1-4EEC-8CB2-B8ED53314C79}.Release|Any CPU.Build.0 = Release|Any CPU
	EndGlobalSection
	GlobalSection(SolutionProperties) = preSolution
		HideSolutionNode = FALSE
	EndGlobalSection
	GlobalSection(ExtensibilityGlobals) = postSolution
		SolutionGuid = {82C5AEB9-10C6-4417-98DA-0CD4E2AE71F7}
	EndGlobalSection
EndGlobal
